
Microsoft Visual Studio Solution File, Format Version 12.00
# Visual Studio Version 17
VisualStudioVersion = 17.7.34221.43
MinimumVisualStudioVersion = 10.0.40219.1
Project("{FAE04EC0-301F-11D3-BF4B-00C04F79EFBC}") = "AppointmentsManager", "AppointmentsManager\AppointmentsManager.csproj", "{8747453E-0CD1-4E25-8C19-F044D7D9E2CF}"
EndProject
Global
	GlobalSection(SolutionConfigurationPlatforms) = preSolution
		Debug|Any CPU = Debug|Any CPU
		Release|Any CPU = Release|Any CPU
	EndGlobalSection
	GlobalSection(ProjectConfigurationPlatforms) = postSolution
		{8747453E-0CD1-4E25-8C19-F044D7D9E2CF}.Debug|Any CPU.ActiveCfg = Debug|Any CPU
		{8747453E-0CD1-4E25-8C19-F044D7D9E2CF}.Debug|Any CPU.Build.0 = Debug|Any CPU
		{8747453E-0CD1-4E25-8C19-F044D7D9E2CF}.Release|Any CPU.ActiveCfg = Release|Any CPU
		{8747453E-0CD1-4E25-8C19-F044D7D9E2CF}.Release|Any CPU.Build.0 = Release|Any CPU
	EndGlobalSection
	GlobalSection(SolutionProperties) = preSolution
		HideSolutionNode = FALSE
	EndGlobalSection
	GlobalSection(ExtensibilityGlobals) = postSolution
		SolutionGuid = {694A348A-FDEB-4500-8838-A2595E75B965}
	EndGlobalSection
EndGlobal
